
Microsoft Visual Studio Solution File, Format Version 12.00
# Visual Studio Version 17
VisualStudioVersion = 17.14.36221.1 d17.14
MinimumVisualStudioVersion = 10.0.40219.1
Project("{2150E333-8FDC-42A3-9474-1A3956D46DE8}") = "myNotification.Domain", "myNotification.Domain", "{02EA681E-C7D8-13C7-8484-4AC65E1B71E8}"
EndProject
Project("{2150E333-8FDC-42A3-9474-1A3956D46DE8}") = "myNotification.Infrastructure", "myNotification.Infrastructure", "{ED011EE3-FADF-402F-BCA6-0EFE79A308A3}"
EndProject
Project("{2150E333-8FDC-42A3-9474-1A3956D46DE8}") = "myNotification.Application", "myNotification.Application", "{20789754-461D-4727-93E6-16490B441D7D}"
EndProject
Project("{2150E333-8FDC-42A3-9474-1A3956D46DE8}") = "myNotification.Api", "myNotification.Api", "{845FDB10-144B-4AF6-BA1B-7731A2438503}"
EndProject
Project("{FAE04EC0-301F-11D3-BF4B-00C04F79EFBC}") = "myNotification.api", "api\myNotification.Api\myNotification.api.csproj", "{E97F766D-42F7-F4D3-245D-7DF2D4576A74}"
EndProject
Project("{FAE04EC0-301F-11D3-BF4B-00C04F79EFBC}") = "myNotification.Application", "api\myNotification.Application\myNotification.Application\myNotification.Application.csproj", "{681B8F80-8F83-4801-8F3F-3383A3E3C445}"
EndProject
Project("{FAE04EC0-301F-11D3-BF4B-00C04F79EFBC}") = "myNotification.Domain", "api\myNotification.Domain\myNotification.Domain\myNotification.Domain.csproj", "{DBACB074-BF7C-4AD2-AD6E-2CAC5068A352}"
EndProject
Project("{FAE04EC0-301F-11D3-BF4B-00C04F79EFBC}") = "myNotification.Infrastructure", "api\myNotification.Infrastracture\myNotification.Infrastructure\myNotification.Infrastructure.csproj", "{FB8B3328-3B19-48B5-920D-C958DA98B42A}"
EndProject
Global
	GlobalSection(SolutionConfigurationPlatforms) = preSolution
		Debug|Any CPU = Debug|Any CPU
		Release|Any CPU = Release|Any CPU
	EndGlobalSection
	GlobalSection(ProjectConfigurationPlatforms) = postSolution
		{E97F766D-42F7-F4D3-245D-7DF2D4576A74}.Debug|Any CPU.ActiveCfg = Debug|Any CPU
		{E97F766D-42F7-F4D3-245D-7DF2D4576A74}.Debug|Any CPU.Build.0 = Debug|Any CPU
		{E97F766D-42F7-F4D3-245D-7DF2D4576A74}.Release|Any CPU.ActiveCfg = Release|Any CPU
		{E97F766D-42F7-F4D3-245D-7DF2D4576A74}.Release|Any CPU.Build.0 = Release|Any CPU
		{681B8F80-8F83-4801-8F3F-3383A3E3C445}.Debug|Any CPU.ActiveCfg = Debug|Any CPU
		{681B8F80-8F83-4801-8F3F-3383A3E3C445}.Debug|Any CPU.Build.0 = Debug|Any CPU
		{681B8F80-8F83-4801-8F3F-3383A3E3C445}.Release|Any CPU.ActiveCfg = Release|Any CPU
		{681B8F80-8F83-4801-8F3F-3383A3E3C445}.Release|Any CPU.Build.0 = Release|Any CPU
		{DBACB074-BF7C-4AD2-AD6E-2CAC5068A352}.Debug|Any CPU.ActiveCfg = Debug|Any CPU
		{DBACB074-BF7C-4AD2-AD6E-2CAC5068A352}.Debug|Any CPU.Build.0 = Debug|Any CPU
		{DBACB074-BF7C-4AD2-AD6E-2CAC5068A352}.Release|Any CPU.ActiveCfg = Release|Any CPU
		{DBACB074-BF7C-4AD2-AD6E-2CAC5068A352}.Release|Any CPU.Build.0 = Release|Any CPU
		{FB8B3328-3B19-48B5-920D-C958DA98B42A}.Debug|Any CPU.ActiveCfg = Debug|Any CPU
		{FB8B3328-3B19-48B5-920D-C958DA98B42A}.Debug|Any CPU.Build.0 = Debug|Any CPU
		{FB8B3328-3B19-48B5-920D-C958DA98B42A}.Release|Any CPU.ActiveCfg = Release|Any CPU
		{FB8B3328-3B19-48B5-920D-C958DA98B42A}.Release|Any CPU.Build.0 = Release|Any CPU
	EndGlobalSection
	GlobalSection(SolutionProperties) = preSolution
		HideSolutionNode = FALSE
	EndGlobalSection
	GlobalSection(NestedProjects) = preSolution
		{E97F766D-42F7-F4D3-245D-7DF2D4576A74} = {845FDB10-144B-4AF6-BA1B-7731A2438503}
		{681B8F80-8F83-4801-8F3F-3383A3E3C445} = {20789754-461D-4727-93E6-16490B441D7D}
		{DBACB074-BF7C-4AD2-AD6E-2CAC5068A352} = {02EA681E-C7D8-13C7-8484-4AC65E1B71E8}
		{FB8B3328-3B19-48B5-920D-C958DA98B42A} = {ED011EE3-FADF-402F-BCA6-0EFE79A308A3}
	EndGlobalSection
	GlobalSection(ExtensibilityGlobals) = postSolution
		SolutionGuid = {1F7B4A87-3170-4FBE-8C22-EAD6653E46E8}
	EndGlobalSection
EndGlobal
